{
  "name": "browser-bunyan",
  "version": "1.3.0",
  "lockfileVersion": 1,
  "requires": true,
  "dependencies": {
    "@browser-bunyan/console-formatted-stream": {
      "version": "1.3.0",
      "requires": {
        "@browser-bunyan/levels": "1.3.0"
      },
      "dependencies": {
        "@browser-bunyan/levels": {
          "version": "1.3.0",
          "bundled": true
        }
      }
    },
    "@browser-bunyan/console-plain-stream": {
      "version": "1.3.0",
      "requires": {
        "@browser-bunyan/levels": "1.3.0"
      },
      "dependencies": {
        "@browser-bunyan/levels": {
          "version": "1.3.0",
          "bundled": true
        }
      }
    },
    "@browser-bunyan/console-raw-stream": {
      "version": "1.3.0",
      "requires": {
        "@browser-bunyan/levels": "1.3.0"
      },
      "dependencies": {
        "@browser-bunyan/levels": {
          "version": "1.3.0",
          "bundled": true
        }
      }
    },
    "@browser-bunyan/levels": {
      "version": "1.3.0"
    }
  }
}
