{
  "name": "@browser-bunyan/console-formatted-stream",
  "version": "1.6.2",
  "lockfileVersion": 1,
  "requires": true,
  "dependencies": {
    "@browser-bunyan/levels": {
      "version": "1.6.0",
      "resolved": "https://registry.npmjs.org/@browser-bunyan/levels/-/levels-1.6.0.tgz",
      "integrity": "sha512-wte6nXXZH62Y/RGysYRlOkKxuJn+4S8xEamMF0fDncxxy0SriCHYwGPyWGF0FWYWmRzbZuEkp7dNebBf9Xfeeg=="
    },
    "lodash": {
      "version": "4.17.21",
      "resolved": "https://registry.npmjs.org/lodash/-/lodash-4.17.21.tgz",
      "integrity": "sha512-v2kDEe57lecTulaDIuNTPy3Ry4gLGJ6Z1O3vE1krgXZNrsQ+LFTGHVxVjcXPs17LhbZVGedAJv8XZ1tvj5FvSg==",
      "dev": true
    },
    "std-mocks": {
      "version": "1.0.1",
      "resolved": "http://localhost:4873/std-mocks/-/std-mocks-1.0.1.tgz",
      "integrity": "sha1-0ziIdte+66PHD72OK8r0brB9ef4=",
      "dev": true,
      "requires": {
        "lodash": "^4.11.1"
      }
    }
  }
}
