{
  "name": "@browser-bunyan/console-formatted-stream",
  "version": "1.5.3",
  "lockfileVersion": 1,
  "requires": true,
  "dependencies": {
    "@browser-bunyan/levels": {
      "version": "1.5.3",
      "resolved": "https://registry.npmjs.org/@browser-bunyan/levels/-/levels-1.5.3.tgz",
      "integrity": "sha512-mwIpHU0lfQmTcjLajB0LVe3DZaWxxv3eBY2meAjKS7bvimji3ysHZqjmCxD1z4cJJNVjjmKY1KLGVbCC3XETxQ=="
    },
    "lodash": {
      "version": "4.17.19",
      "resolved": "https://registry.npmjs.org/lodash/-/lodash-4.17.19.tgz",
      "integrity": "sha512-JNvd8XER9GQX0v2qJgsaN/mzFCNA5BRe/j8JN9d+tWyGLSodKQHKFicdwNYzWwI3wjRnaKPsGj1XkBjx/F96DQ==",
      "dev": true
    },
    "std-mocks": {
      "version": "1.0.1",
      "resolved": "http://localhost:4873/std-mocks/-/std-mocks-1.0.1.tgz",
      "integrity": "sha1-0ziIdte+66PHD72OK8r0brB9ef4=",
      "dev": true,
      "requires": {
        "lodash": "^4.11.1"
      }
    }
  }
}
